<?xml version="1.0" encoding="utf-8"?>
<Project ToolsVersion="4.0" xmlns="http://schemas.microsoft.com/developer/msbuild/2003">
  <ItemGroup>
    <Filter Include="源文件">
      <UniqueIdentifier>{4FC737F1-C7A5-4376-A066-2A32D752A2FF}</UniqueIdentifier>
      <Extensions>cpp;c;cc;cxx;def;odl;idl;hpj;bat;asm;asmx</Extensions>
    </Filter>
    <Filter Include="头文件">
      <UniqueIdentifier>{93995380-89BD-4b04-88EB-625FBE52EBFB}</UniqueIdentifier>
      <Extensions>h;hpp;hxx;hm;inl;inc;xsd</Extensions>
    </Filter>
    <Filter Include="资源文件">
      <UniqueIdentifier>{67DA6AB6-F800-4c08-8B7A-83BB121AAD01}</UniqueIdentifier>
      <Extensions>rc;ico;cur;bmp;dlg;rc2;rct;bin;rgs;gif;jpg;jpeg;jpe;resx;tiff;tif;png;wav;mfcribbon-ms</Extensions>
    </Filter>
    <Filter Include="头文件\Common">
      <UniqueIdentifier>{7cf4759d-7559-4a08-857f-13de335f75a6}</UniqueIdentifier>
    </Filter>
    <Filter Include="头文件\Include">
      <UniqueIdentifier>{92f6fe1f-578b-4e88-8bad-e8dc4f496d12}</UniqueIdentifier>
    </Filter>
    <Filter Include="头文件\Mime">
      <UniqueIdentifier>{8c8a9142-6d49-434f-ab9b-9b3a2ebf5ab7}</UniqueIdentifier>
    </Filter>
  </ItemGroup>
  <ItemGroup>
    <None Include="ReadMe.txt" />
  </ItemGroup>
  <ItemGroup>
    <ClInclude Include="stdafx.h">
      <Filter>头文件</Filter>
    </ClInclude>
    <ClInclude Include="targetver.h">
      <Filter>头文件</Filter>
    </ClInclude>
    <ClInclude Include="SearchDeleteFile.h">
      <Filter>头文件</Filter>
    </ClInclude>
    <ClInclude Include="..\Common\Define.h">
      <Filter>头文件\Common</Filter>
    </ClInclude>
    <ClInclude Include="..\Common\Exception.h">
      <Filter>头文件\Common</Filter>
    </ClInclude>
    <ClInclude Include="..\Common\Funcs.h">
      <Filter>头文件\Common</Filter>
    </ClInclude>
    <ClInclude Include="..\Include\DataConst.h">
      <Filter>头文件\Include</Filter>
    </ClInclude>
    <ClInclude Include="..\Include\DataHeader.h">
      <Filter>头文件\Include</Filter>
    </ClInclude>
    <ClInclude Include="..\Include\WMIConst.h">
      <Filter>头文件\Include</Filter>
    </ClInclude>
    <ClInclude Include="DeleteStruct.h">
      <Filter>头文件</Filter>
    </ClInclude>
    <ClInclude Include="DeletedFile.h">
      <Filter>头文件</Filter>
    </ClInclude>
    <ClInclude Include="FileRecovery.h">
      <Filter>头文件</Filter>
    </ClInclude>
    <ClInclude Include="..\Mime\UrlConver.h">
      <Filter>头文件\Mime</Filter>
    </ClInclude>
    <ClInclude Include="..\Mime\Base64.h">
      <Filter>头文件\Mime</Filter>
    </ClInclude>
  </ItemGroup>
  <ItemGroup>
    <ClCompile Include="stdafx.cpp">
      <Filter>源文件</Filter>
    </ClCompile>
    <ClCompile Include="SearchDeleteFile.cpp">
      <Filter>源文件</Filter>
    </ClCompile>
    <ClCompile Include="dllmain.cpp">
      <Filter>源文件</Filter>
    </ClCompile>
    <ClCompile Include="..\Common\Exception.cpp">
      <Filter>头文件\Common</Filter>
    </ClCompile>
    <ClCompile Include="..\Common\Funcs.cpp">
      <Filter>头文件\Common</Filter>
    </ClCompile>
    <ClCompile Include="DeletedFile.cpp">
      <Filter>源文件</Filter>
    </ClCompile>
    <ClCompile Include="FileRecovery.cpp">
      <Filter>源文件</Filter>
    </ClCompile>
    <ClCompile Include="..\Mime\UrlConver.cpp">
      <Filter>头文件\Mime</Filter>
    </ClCompile>
    <ClCompile Include="..\Mime\Base64.cpp">
      <Filter>头文件\Mime</Filter>
    </ClCompile>
  </ItemGroup>
</Project>